# This file is autogenerated, do not edit; changes may be undone by the next 'dep ensure'.


[[projects]]
  branch = "master"
  name = "github.com/logrusorgru/aurora"
  packages = ["."]
  revision = "ca24023cc0175fdf372518cb1c5062cc86db2634"

[solve-meta]
  analyzer-name = "dep"
  analyzer-version = 1
  inputs-digest = "472ffebd3abb2de36824895567c69c46b6a7eccae7e903a2abb09e4f829b7dc3"
  solver-name = "gps-cdcl"
  solver-version = 1
